
Microsoft Visual Studio Solution File, Format Version 12.00
# Visual Studio Version 17
VisualStudioVersion = 17.4.33205.214
MinimumVisualStudioVersion = 10.0.40219.1
Project("{888888A0-9F3D-457C-B088-3A5042F75D52}") = "SozdaniePolzovatelskihFunktsijArtur", "SozdaniePolzovatelskihFunktsijArtur.pyproj", "{7D0AE6F6-7AF8-4856-8E81-AC6D055B8BC2}"
EndProject
Global
	GlobalSection(SolutionConfigurationPlatforms) = preSolution
		Debug|Any CPU = Debug|Any CPU
		Release|Any CPU = Release|Any CPU
	EndGlobalSection
	GlobalSection(ProjectConfigurationPlatforms) = postSolution
		{7D0AE6F6-7AF8-4856-8E81-AC6D055B8BC2}.Debug|Any CPU.ActiveCfg = Debug|Any CPU
		{7D0AE6F6-7AF8-4856-8E81-AC6D055B8BC2}.Release|Any CPU.ActiveCfg = Release|Any CPU
	EndGlobalSection
	GlobalSection(SolutionProperties) = preSolution
		HideSolutionNode = FALSE
	EndGlobalSection
	GlobalSection(ExtensibilityGlobals) = postSolution
		SolutionGuid = {2B32B432-CA52-463A-84E4-63C4C5F5C4A9}
	EndGlobalSection
EndGlobal
